// !$*UTF8*$!
{
	archiveVersion = 1;
	classes = {
	};
	objectVersion = 46;
	objects = {

/* Begin PBXBuildFile section */
		29AF74901C72EC9500AAC032 /* main.m in Sources */ = {isa = PBXBuildFile; fileRef = 29AF748F1C72EC9500AAC032 /* main.m */; };
		29AF74931C72EC9500AAC032 /* AppDelegate.m in Sources */ = {isa = PBXBuildFile; fileRef = 29AF74921C72EC9500AAC032 /* AppDelegate.m */; };
		29AF74961C72EC9500AAC032 /* ViewController.m in Sources */ = {isa = PBXBuildFile; fileRef = 29AF74951C72EC9500AAC032 /* ViewController.m */; };
		29AF74991C72EC9500AAC032 /* Main.storyboard in Resources */ = {isa = PBXBuildFile; fileRef = 29AF74971C72EC9500AAC032 /* Main.storyboard */; };
		29AF749B1C72EC9500AAC032 /* Assets.xcassets in Resources */ = {isa = PBXBuildFile; fileRef = 29AF749A1C72EC9500AAC032 /* Assets.xcassets */; };
		29AF749E1C72EC9500AAC032 /* LaunchScreen.storyboard in Resources */ = {isa = PBXBuildFile; fileRef = 29AF749C1C72EC9500AAC032 /* LaunchScreen.storyboard */; };
/* End PBXBuildFile section */

/* Begin PBXFileReference section */
		29AF748B1C72EC9500AAC032 /* MobileTotoroDemo.app */ = {isa = PBXFileReference; explicitFileType = wrapper.application; includeInIndex = 0; path = MobileTotoroDemo.app; sourceTree = BUILT_PRODUCTS_DIR; };
		29AF748F1C72EC9500AAC032 /* main.m */ = {isa = PBXFileReference; lastKnownFileType = sourcecode.c.objc; path = main.m; sourceTree = "<group>"; };
		29AF74911C72EC9500AAC032 /* AppDelegate.h */ = {isa = PBXFileReference; lastKnownFileType = sourcecode.c.h; path = AppDelegate.h; sourceTree = "<group>"; };
		29AF74921C72EC9500AAC032 /* AppDelegate.m */ = {isa = PBXFileReference; lastKnownFileType = sourcecode.c.objc; path = AppDelegate.m; sourceTree = "<group>"; };
		29AF74941C72EC9500AAC032 /* ViewController.h */ = {isa = PBXFileReference; lastKnownFileType = sourcecode.c.h; path = ViewController.h; sourceTree = "<group>"; };
		29AF74951C72EC9500AAC032 /* ViewController.m */ = {isa = PBXFileReference; lastKnownFileType = sourcecode.c.objc; path = ViewController.m; sourceTree = "<group>"; };
		29AF74981C72EC9500AAC032 /* Base */ = {isa = PBXFileReference; lastKnownFileType = file.storyboard; name = Base; path = Base.lproj/Main.storyboard; sourceTree = "<group>"; };
		29AF749A1C72EC9500AAC032 /* Assets.xcassets */ = {isa = PBXFileReference; lastKnownFileType = folder.assetcatalog; path = Assets.xcassets; sourceTree = "<group>"; };
		29AF749D1C72EC9500AAC032 /* Base */ = {isa = PBXFileReference; lastKnownFileType = file.storyboard; name = Base; path = Base.lproj/LaunchScreen.storyboard; sourceTree = "<group>"; };
		29AF749F1C72EC9500AAC032 /* Info.plist */ = {isa = PBXFileReference; lastKnownFileType = text.plist.xml; path = Info.plist; sourceTree = "<group>"; };
/* End PBXFileReference section */

/* Begin PBXFrameworksBuildPhase section */
		29AF74881C72EC9500AAC032 /* Frameworks */ = {
			isa = PBXFrameworksBuildPhase;
			buildActionMask = 2147483647;
			files = (
			);
			runOnlyForDeploymentPostprocessing = 0;
		};
/* End PBXFrameworksBuildPhase section */

/* Begin PBXGroup section */
		29AF74821C72EC9500AAC032 = {
			isa = PBXGroup;
			children = (
				29AF748D1C72EC9500AAC032 /* MobileTotoroDemo */,
				29AF748C1C72EC9500AAC032 /* Products */,
			);
			sourceTree = "<group>";
		};
		29AF748C1C72EC9500AAC032 /* Products */ = {
			isa = PBXGroup;
			children = (
				29AF748B1C72EC9500AAC032 /* MobileTotoroDemo.app */,
			);
			name = Products;
			sourceTree = "<group>";
		};
		29AF748D1C72EC9500AAC032 /* MobileTotoroDemo */ = {
			isa = PBXGroup;
			children = (
				29AF74911C72EC9500AAC032 /* AppDelegate.h */,
				29AF74921C72EC9500AAC032 /* AppDelegate.m */,
				29AF74941C72EC9500AAC032 /* ViewController.h */,
				29AF74951C72EC9500AAC032 /* ViewController.m */,
				29AF749A1C72EC9500AAC032 /* Assets.xcassets */,
				29AF748E1C72EC9500AAC032 /* Supporting Files */,
			);
			path = MobileTotoroDemo;
			sourceTree = "<group>";
		};
		29AF748E1C72EC9500AAC032 /* Supporting Files */ = {
			isa = PBXGroup;
			children = (
				29AF749C1C72EC9500AAC032 /* LaunchScreen.storyboard */,
				29AF74971C72EC9500AAC032 /* Main.storyboard */,
				29AF749F1C72EC9500AAC032 /* Info.plist */,
				29AF748F1C72EC9500AAC032 /* main.m */,
			);
			name = "Supporting Files";
			sourceTree = "<group>";
		};
/* End PBXGroup section */

/* Begin PBXNativeTarget section */
		29AF748A1C72EC9500AAC032 /* MobileTotoroDemo */ = {
			isa = PBXNativeTarget;
			buildConfigurationList = 29AF74A21C72EC9500AAC032 /* Build configuration list for PBXNativeTarget "MobileTotoroDemo" */;
			buildPhases = (
				29AF74871C72EC9500AAC032 /* Sources */,
				29AF74881C72EC9500AAC032 /* Frameworks */,
				29AF74891C72EC9500AAC032 /* Resources */,
			);
			buildRules = (
			);
			dependencies = (
			);
			name = MobileTotoroDemo;
			productName = MobileTotoroDemo;
			productReference = 29AF748B1C72EC9500AAC032 /* MobileTotoroDemo.app */;
			productType = "com.apple.product-type.application";
		};
/* End PBXNativeTarget section */

/* Begin PBXProject section */
		29AF74831C72EC9500AAC032 /* Project object */ = {
			isa = PBXProject;
			attributes = {
				LastUpgradeCheck = 0720;
				ORGANIZATIONNAME = xuyang;
				TargetAttributes = {
					29AF748A1C72EC9500AAC032 = {
						CreatedOnToolsVersion = 7.2.1;
					};
				};
			};
			buildConfigurationList = 29AF74861C72EC9500AAC032 /* Build configuration list for PBXProject "MobileTotoroDemo" */;
			compatibilityVersion = "Xcode 3.2";
			developmentRegion = English;
			hasScannedForEncodings = 0;
			knownRegions = (
				en,
				Base,
			);
			mainGroup = 29AF74821C72EC9500AAC032;
			productRefGroup = 29AF748C1C72EC9500AAC032 /* Products */;
			projectDirPath = "";
			projectRoot = "";
			targets = (
				29AF748A1C72EC9500AAC032 /* MobileTotoroDemo */,
			);
		};
/* End PBXProject section */

/* Begin PBXResourcesBuildPhase section */
		29AF74891C72EC9500AAC032 /* Resources */ = {
			isa = PBXResourcesBuildPhase;
			buildActionMask = 2147483647;
			files = (
				29AF749E1C72EC9500AAC032 /* LaunchScreen.storyboard in Resources */,
				29AF749B1C72EC9500AAC032 /* Assets.xcassets in Resources */,
				29AF74991C72EC9500AAC032 /* Main.storyboard in Resources */,
			);
			runOnlyForDeploymentPostprocessing = 0;
		};
/* End PBXResourcesBuildPhase section */

/* Begin PBXSourcesBuildPhase section */
		29AF74871C72EC9500AAC032 /* Sources */ = {
			isa = PBXSourcesBuildPhase;
			buildActionMask = 2147483647;
			files = (
				29AF74961C72EC9500AAC032 /* ViewController.m in Sources */,
				29AF74931C72EC9500AAC032 /* AppDelegate.m in Sources */,
				29AF74901C72EC9500AAC032 /* main.m in Sources */,
			);
			runOnlyForDeploymentPostprocessing = 0;
		};
/* End PBXSourcesBuildPhase section */

/* Begin PBXVariantGroup section */
		29AF74971C72EC9500AAC032 /* Main.storyboard */ = {
			isa = PBXVariantGroup;
			children = (
				29AF74981C72EC9500AAC032 /* Base */,
			);
			name = Main.storyboard;
			sourceTree = "<group>";
		};
		29AF749C1C72EC9500AAC032 /* LaunchScreen.storyboard */ = {
			isa = PBXVariantGroup;
			children = (
				29AF749D1C72EC9500AAC032 /* Base */,
			);
			name = LaunchScreen.storyboard;
			sourceTree = "<group>";
		};
/* End PBXVariantGroup section */

/* Begin XCBuildConfiguration section */
		29AF74A01C72EC9500AAC032 /* Debug */ = {
			isa = XCBuildConfiguration;
			buildSettings = {
				ALWAYS_SEARCH_USER_PATHS = NO;
				CLANG_CXX_LANGUAGE_STANDARD = "gnu++0x";
				CLANG_CXX_LIBRARY = "libc++";
				CLANG_ENABLE_MODULES = YES;
				CLANG_ENABLE_OBJC_ARC = YES;
				CLANG_WARN_BOOL_CONVERSION = YES;
				CLANG_WARN_CONSTANT_CONVERSION = YES;
				CLANG_WARN_DIRECT_OBJC_ISA_USAGE = YES_ERROR;
				CLANG_WARN_EMPTY_BODY = YES;
				CLANG_WARN_ENUM_CONVERSION = YES;
				CLANG_WARN_INT_CONVERSION = YES;
				CLANG_WARN_OBJC_ROOT_CLASS = YES_ERROR;
				CLANG_WARN_UNREACHABLE_CODE = YES;
				CLANG_WARN__DUPLICATE_METHOD_MATCH = YES;
				"CODE_SIGN_IDENTITY[sdk=iphoneos*]" = "iPhone Developer";
				COPY_PHASE_STRIP = NO;
				DEBUG_INFORMATION_FORMAT = dwarf;
				ENABLE_STRICT_OBJC_MSGSEND = YES;
				ENABLE_TESTABILITY = YES;
				GCC_C_LANGUAGE_STANDARD = gnu99;
				GCC_DYNAMIC_NO_PIC = NO;
				GCC_NO_COMMON_BLOCKS = YES;
				GCC_OPTIMIZATION_LEVEL = 0;
				GCC_PREPROCESSOR_DEFINITIONS = (
					"DEBUG=1",
					"$(inherited)",
				);
				GCC_WARN_64_TO_32_BIT_CONVERSION = YES;
				GCC_WARN_ABOUT_RETURN_TYPE = YES_ERROR;
				GCC_WARN_UNDECLARED_SELECTOR = YES;
				GCC_WARN_UNINITIALIZED_AUTOS = YES_AGGRESSIVE;
				GCC_WARN_UNUSED_FUNCTION = YES;
				GCC_WARN_UNUSED_VARIABLE = YES;
				IPHONEOS_DEPLOYMENT_TARGET = 9.2;
				MTL_ENABLE_DEBUG_INFO = YES;
				ONLY_ACTIVE_ARCH = YES;
				SDKROOT = iphoneos;
			};
			name = Debug;
		};
		29AF74A11C72EC9500AAC032 /* Release */ = {
			isa = XCBuildConfiguration;
			buildSettings = {
				ALWAYS_SEARCH_USER_PATHS = NO;
				CLANG_CXX_LANGUAGE_STANDARD = "gnu++0x";
				CLANG_CXX_LIBRARY = "libc++";
				CLANG_ENABLE_MODULES = YES;
				CLANG_ENABLE_OBJC_ARC = YES;
				CLANG_WARN_BOOL_CONVERSION = YES;
				CLANG_WARN_CONSTANT_CONVERSION = YES;
				CLANG_WARN_DIRECT_OBJC_ISA_USAGE = YES_ERROR;
				CLANG_WARN_EMPTY_BODY = YES;
				CLANG_WARN_ENUM_CONVERSION = YES;
				CLANG_WARN_INT_CONVERSION = YES;
				CLANG_WARN_OBJC_ROOT_CLASS = YES_ERROR;
				CLANG_WARN_UNREACHABLE_CODE = YES;
				CLANG_WARN__DUPLICATE_METHOD_MATCH = YES;
				"CODE_SIGN_IDENTITY[sdk=iphoneos*]" = "iPhone Developer";
				COPY_PHASE_STRIP = NO;
				DEBUG_INFORMATION_FORMAT = "dwarf-with-dsym";
				ENABLE_NS_ASSERTIONS = NO;
				ENABLE_STRICT_OBJC_MSGSEND = YES;
				GCC_C_LANGUAGE_STANDARD = gnu99;
				GCC_NO_COMMON_BLOCKS = YES;
				GCC_WARN_64_TO_32_BIT_CONVERSION = YES;
				GCC_WARN_ABOUT_RETURN_TYPE = YES_ERROR;
				GCC_WARN_UNDECLARED_SELECTOR = YES;
				GCC_WARN_UNINITIALIZED_AUTOS = YES_AGGRESSIVE;
				GCC_WARN_UNUSED_FUNCTION = YES;
				GCC_WARN_UNUSED_VARIABLE = YES;
				IPHONEOS_DEPLOYMENT_TARGET = 9.2;
				MTL_ENABLE_DEBUG_INFO = NO;
				SDKROOT = iphoneos;
				VALIDATE_PRODUCT = YES;
			};
			name = Release;
		};
		29AF74A31C72EC9500AAC032 /* Debug */ = {
			isa = XCBuildConfiguration;
			buildSettings = {
				ASSETCATALOG_COMPILER_APPICON_NAME = AppIcon;
				INFOPLIST_FILE = MobileTotoroDemo/Info.plist;
				LD_RUNPATH_SEARCH_PATHS = "$(inherited) @executable_path/Frameworks";
				PRODUCT_BUNDLE_IDENTIFIER = com.xuyang.MobileTotoroDemo;
				PRODUCT_NAME = "$(TARGET_NAME)";
			};
			name = Debug;
		};
		29AF74A41C72EC9500AAC032 /* Release */ = {
			isa = XCBuildConfiguration;
			buildSettings = {
				ASSETCATALOG_COMPILER_APPICON_NAME = AppIcon;
				INFOPLIST_FILE = MobileTotoroDemo/Info.plist;
				LD_RUNPATH_SEARCH_PATHS = "$(inherited) @executable_path/Frameworks";
				PRODUCT_BUNDLE_IDENTIFIER = com.xuyang.MobileTotoroDemo;
				PRODUCT_NAME = "$(TARGET_NAME)";
			};
			name = Release;
		};
/* End XCBuildConfiguration section */

/* Begin XCConfigurationList section */
		29AF74861C72EC9500AAC032 /* Build configuration list for PBXProject "MobileTotoroDemo" */ = {
			isa = XCConfigurationList;
			buildConfigurations = (
				29AF74A01C72EC9500AAC032 /* Debug */,
				29AF74A11C72EC9500AAC032 /* Release */,
			);
			defaultConfigurationIsVisible = 0;
			defaultConfigurationName = Release;
		};
		29AF74A21C72EC9500AAC032 /* Build configuration list for PBXNativeTarget "MobileTotoroDemo" */ = {
			isa = XCConfigurationList;
			buildConfigurations = (
				29AF74A31C72EC9500AAC032 /* Debug */,
				29AF74A41C72EC9500AAC032 /* Release */,
			);
			defaultConfigurationIsVisible = 0;
		};
/* End XCConfigurationList section */
	};
	rootObject = 29AF74831C72EC9500AAC032 /* Project object */;
}
