// !$*UTF8*$!
{
	archiveVersion = 1;
	classes = {
	};
	objectVersion = 46;
	objects = {

/* Begin PBXBuildFile section */
		29AF74D11C72F3A400AAC032 /* MTTableViewController.m in Sources */ = {isa = PBXBuildFile; fileRef = 29AF74BD1C72F3A400AAC032 /* MTTableViewController.m */; };
		29AF74D21C72F3A400AAC032 /* MTPerformanceManager.m in Sources */ = {isa = PBXBuildFile; fileRef = 29AF74C01C72F3A400AAC032 /* MTPerformanceManager.m */; };
		29AF74D31C72F3A400AAC032 /* MTPerformanceModel.m in Sources */ = {isa = PBXBuildFile; fileRef = 29AF74C21C72F3A400AAC032 /* MTPerformanceModel.m */; };
		29AF74D41C72F3A400AAC032 /* MTChartDrawView.m in Sources */ = {isa = PBXBuildFile; fileRef = 29AF74C61C72F3A400AAC032 /* MTChartDrawView.m */; };
		29AF74D51C72F3A400AAC032 /* MTChartOverView.m in Sources */ = {isa = PBXBuildFile; fileRef = 29AF74C81C72F3A400AAC032 /* MTChartOverView.m */; };
		29AF74D61C72F3A400AAC032 /* MTChartTableViewCell.m in Sources */ = {isa = PBXBuildFile; fileRef = 29AF74CA1C72F3A400AAC032 /* MTChartTableViewCell.m */; };
		29AF74D71C72F3A400AAC032 /* MTLogoView.m in Sources */ = {isa = PBXBuildFile; fileRef = 29AF74CC1C72F3A400AAC032 /* MTLogoView.m */; };
		29AF74D81C72F3A400AAC032 /* MTSummaryTableViewCell.m in Sources */ = {isa = PBXBuildFile; fileRef = 29AF74CE1C72F3A400AAC032 /* MTSummaryTableViewCell.m */; };
		29AF74D91C72F3A400AAC032 /* MTSummaryView.m in Sources */ = {isa = PBXBuildFile; fileRef = 29AF74D01C72F3A400AAC032 /* MTSummaryView.m */; };
		29AF74DB1C72F50100AAC032 /* MTPerformanceManager.h in Headers */ = {isa = PBXBuildFile; fileRef = 29AF74BF1C72F3A400AAC032 /* MTPerformanceManager.h */; };
		29AF74DC1C72F51500AAC032 /* MTTableViewController.h in Headers */ = {isa = PBXBuildFile; fileRef = 29AF74BC1C72F3A400AAC032 /* MTTableViewController.h */; };
		29AF74DD1C72F51E00AAC032 /* MTMacro.h in Headers */ = {isa = PBXBuildFile; fileRef = 29AF74C31C72F3A400AAC032 /* MTMacro.h */; };
		29AF74DE1C72F54F00AAC032 /* MTLogoView.h in Headers */ = {isa = PBXBuildFile; fileRef = 29AF74CB1C72F3A400AAC032 /* MTLogoView.h */; };
/* End PBXBuildFile section */

/* Begin PBXCopyFilesBuildPhase section */
		29AF74AD1C72EDCF00AAC032 /* CopyFiles */ = {
			isa = PBXCopyFilesBuildPhase;
			buildActionMask = 2147483647;
			dstPath = "include/$(PRODUCT_NAME)";
			dstSubfolderSpec = 16;
			files = (
			);
			runOnlyForDeploymentPostprocessing = 0;
		};
/* End PBXCopyFilesBuildPhase section */

/* Begin PBXFileReference section */
		29AF74AF1C72EDCF00AAC032 /* libMobileTotoroSDK.a */ = {isa = PBXFileReference; explicitFileType = archive.ar; includeInIndex = 0; path = libMobileTotoroSDK.a; sourceTree = BUILT_PRODUCTS_DIR; };
		29AF74BC1C72F3A400AAC032 /* MTTableViewController.h */ = {isa = PBXFileReference; fileEncoding = 4; lastKnownFileType = sourcecode.c.h; path = MTTableViewController.h; sourceTree = "<group>"; };
		29AF74BD1C72F3A400AAC032 /* MTTableViewController.m */ = {isa = PBXFileReference; fileEncoding = 4; lastKnownFileType = sourcecode.c.objc; path = MTTableViewController.m; sourceTree = "<group>"; };
		29AF74BF1C72F3A400AAC032 /* MTPerformanceManager.h */ = {isa = PBXFileReference; fileEncoding = 4; lastKnownFileType = sourcecode.c.h; path = MTPerformanceManager.h; sourceTree = "<group>"; };
		29AF74C01C72F3A400AAC032 /* MTPerformanceManager.m */ = {isa = PBXFileReference; fileEncoding = 4; lastKnownFileType = sourcecode.c.objc; path = MTPerformanceManager.m; sourceTree = "<group>"; };
		29AF74C11C72F3A400AAC032 /* MTPerformanceModel.h */ = {isa = PBXFileReference; fileEncoding = 4; lastKnownFileType = sourcecode.c.h; path = MTPerformanceModel.h; sourceTree = "<group>"; };
		29AF74C21C72F3A400AAC032 /* MTPerformanceModel.m */ = {isa = PBXFileReference; fileEncoding = 4; lastKnownFileType = sourcecode.c.objc; path = MTPerformanceModel.m; sourceTree = "<group>"; };
		29AF74C31C72F3A400AAC032 /* MTMacro.h */ = {isa = PBXFileReference; fileEncoding = 4; lastKnownFileType = sourcecode.c.h; name = MTMacro.h; path = MobileTotoroSDK/MTMacro.h; sourceTree = "<group>"; };
		29AF74C51C72F3A400AAC032 /* MTChartDrawView.h */ = {isa = PBXFileReference; fileEncoding = 4; lastKnownFileType = sourcecode.c.h; path = MTChartDrawView.h; sourceTree = "<group>"; };
		29AF74C61C72F3A400AAC032 /* MTChartDrawView.m */ = {isa = PBXFileReference; fileEncoding = 4; lastKnownFileType = sourcecode.c.objc; path = MTChartDrawView.m; sourceTree = "<group>"; };
		29AF74C71C72F3A400AAC032 /* MTChartOverView.h */ = {isa = PBXFileReference; fileEncoding = 4; lastKnownFileType = sourcecode.c.h; path = MTChartOverView.h; sourceTree = "<group>"; };
		29AF74C81C72F3A400AAC032 /* MTChartOverView.m */ = {isa = PBXFileReference; fileEncoding = 4; lastKnownFileType = sourcecode.c.objc; path = MTChartOverView.m; sourceTree = "<group>"; };
		29AF74C91C72F3A400AAC032 /* MTChartTableViewCell.h */ = {isa = PBXFileReference; fileEncoding = 4; lastKnownFileType = sourcecode.c.h; path = MTChartTableViewCell.h; sourceTree = "<group>"; };
		29AF74CA1C72F3A400AAC032 /* MTChartTableViewCell.m */ = {isa = PBXFileReference; fileEncoding = 4; lastKnownFileType = sourcecode.c.objc; path = MTChartTableViewCell.m; sourceTree = "<group>"; };
		29AF74CB1C72F3A400AAC032 /* MTLogoView.h */ = {isa = PBXFileReference; fileEncoding = 4; lastKnownFileType = sourcecode.c.h; path = MTLogoView.h; sourceTree = "<group>"; };
		29AF74CC1C72F3A400AAC032 /* MTLogoView.m */ = {isa = PBXFileReference; fileEncoding = 4; lastKnownFileType = sourcecode.c.objc; path = MTLogoView.m; sourceTree = "<group>"; };
		29AF74CD1C72F3A400AAC032 /* MTSummaryTableViewCell.h */ = {isa = PBXFileReference; fileEncoding = 4; lastKnownFileType = sourcecode.c.h; path = MTSummaryTableViewCell.h; sourceTree = "<group>"; };
		29AF74CE1C72F3A400AAC032 /* MTSummaryTableViewCell.m */ = {isa = PBXFileReference; fileEncoding = 4; lastKnownFileType = sourcecode.c.objc; path = MTSummaryTableViewCell.m; sourceTree = "<group>"; };
		29AF74CF1C72F3A400AAC032 /* MTSummaryView.h */ = {isa = PBXFileReference; fileEncoding = 4; lastKnownFileType = sourcecode.c.h; path = MTSummaryView.h; sourceTree = "<group>"; };
		29AF74D01C72F3A400AAC032 /* MTSummaryView.m */ = {isa = PBXFileReference; fileEncoding = 4; lastKnownFileType = sourcecode.c.objc; path = MTSummaryView.m; sourceTree = "<group>"; };
/* End PBXFileReference section */

/* Begin PBXFrameworksBuildPhase section */
		29AF74AC1C72EDCF00AAC032 /* Frameworks */ = {
			isa = PBXFrameworksBuildPhase;
			buildActionMask = 2147483647;
			files = (
			);
			runOnlyForDeploymentPostprocessing = 0;
		};
/* End PBXFrameworksBuildPhase section */

/* Begin PBXGroup section */
		29AF74A61C72EDCF00AAC032 = {
			isa = PBXGroup;
			children = (
				29AF74B11C72EDCF00AAC032 /* MobileTotoroSDK */,
				29AF74C31C72F3A400AAC032 /* MTMacro.h */,
				29AF74B01C72EDCF00AAC032 /* Products */,
			);
			sourceTree = "<group>";
		};
		29AF74B01C72EDCF00AAC032 /* Products */ = {
			isa = PBXGroup;
			children = (
				29AF74AF1C72EDCF00AAC032 /* libMobileTotoroSDK.a */,
			);
			name = Products;
			sourceTree = "<group>";
		};
		29AF74B11C72EDCF00AAC032 /* MobileTotoroSDK */ = {
			isa = PBXGroup;
			children = (
				29AF74BE1C72F3A400AAC032 /* Model */,
				29AF74C41C72F3A400AAC032 /* View */,
				29AF74BB1C72F3A400AAC032 /* Controller */,
			);
			path = MobileTotoroSDK;
			sourceTree = "<group>";
		};
		29AF74BB1C72F3A400AAC032 /* Controller */ = {
			isa = PBXGroup;
			children = (
				29AF74BC1C72F3A400AAC032 /* MTTableViewController.h */,
				29AF74BD1C72F3A400AAC032 /* MTTableViewController.m */,
			);
			path = Controller;
			sourceTree = "<group>";
		};
		29AF74BE1C72F3A400AAC032 /* Model */ = {
			isa = PBXGroup;
			children = (
				29AF74BF1C72F3A400AAC032 /* MTPerformanceManager.h */,
				29AF74C01C72F3A400AAC032 /* MTPerformanceManager.m */,
				29AF74C11C72F3A400AAC032 /* MTPerformanceModel.h */,
				29AF74C21C72F3A400AAC032 /* MTPerformanceModel.m */,
			);
			path = Model;
			sourceTree = "<group>";
		};
		29AF74C41C72F3A400AAC032 /* View */ = {
			isa = PBXGroup;
			children = (
				29AF74C51C72F3A400AAC032 /* MTChartDrawView.h */,
				29AF74C61C72F3A400AAC032 /* MTChartDrawView.m */,
				29AF74C71C72F3A400AAC032 /* MTChartOverView.h */,
				29AF74C81C72F3A400AAC032 /* MTChartOverView.m */,
				29AF74C91C72F3A400AAC032 /* MTChartTableViewCell.h */,
				29AF74CA1C72F3A400AAC032 /* MTChartTableViewCell.m */,
				29AF74CB1C72F3A400AAC032 /* MTLogoView.h */,
				29AF74CC1C72F3A400AAC032 /* MTLogoView.m */,
				29AF74CD1C72F3A400AAC032 /* MTSummaryTableViewCell.h */,
				29AF74CE1C72F3A400AAC032 /* MTSummaryTableViewCell.m */,
				29AF74CF1C72F3A400AAC032 /* MTSummaryView.h */,
				29AF74D01C72F3A400AAC032 /* MTSummaryView.m */,
			);
			path = View;
			sourceTree = "<group>";
		};
/* End PBXGroup section */

/* Begin PBXHeadersBuildPhase section */
		29AF74DA1C72F4BA00AAC032 /* Headers */ = {
			isa = PBXHeadersBuildPhase;
			buildActionMask = 2147483647;
			files = (
				29AF74DE1C72F54F00AAC032 /* MTLogoView.h in Headers */,
				29AF74DC1C72F51500AAC032 /* MTTableViewController.h in Headers */,
				29AF74DB1C72F50100AAC032 /* MTPerformanceManager.h in Headers */,
				29AF74DD1C72F51E00AAC032 /* MTMacro.h in Headers */,
			);
			runOnlyForDeploymentPostprocessing = 0;
		};
/* End PBXHeadersBuildPhase section */

/* Begin PBXNativeTarget section */
		29AF74AE1C72EDCF00AAC032 /* MobileTotoroSDK */ = {
			isa = PBXNativeTarget;
			buildConfigurationList = 29AF74B81C72EDCF00AAC032 /* Build configuration list for PBXNativeTarget "MobileTotoroSDK" */;
			buildPhases = (
				29AF74AB1C72EDCF00AAC032 /* Sources */,
				29AF74AC1C72EDCF00AAC032 /* Frameworks */,
				29AF74AD1C72EDCF00AAC032 /* CopyFiles */,
				29AF74DA1C72F4BA00AAC032 /* Headers */,
			);
			buildRules = (
			);
			dependencies = (
			);
			name = MobileTotoroSDK;
			productName = MobileTotoroSDK;
			productReference = 29AF74AF1C72EDCF00AAC032 /* libMobileTotoroSDK.a */;
			productType = "com.apple.product-type.library.static";
		};
/* End PBXNativeTarget section */

/* Begin PBXProject section */
		29AF74A71C72EDCF00AAC032 /* Project object */ = {
			isa = PBXProject;
			attributes = {
				LastUpgradeCheck = 0720;
				ORGANIZATIONNAME = xuyang;
				TargetAttributes = {
					29AF74AE1C72EDCF00AAC032 = {
						CreatedOnToolsVersion = 7.2.1;
					};
				};
			};
			buildConfigurationList = 29AF74AA1C72EDCF00AAC032 /* Build configuration list for PBXProject "MobileTotoroSDK" */;
			compatibilityVersion = "Xcode 3.2";
			developmentRegion = English;
			hasScannedForEncodings = 0;
			knownRegions = (
				en,
			);
			mainGroup = 29AF74A61C72EDCF00AAC032;
			productRefGroup = 29AF74B01C72EDCF00AAC032 /* Products */;
			projectDirPath = "";
			projectRoot = "";
			targets = (
				29AF74AE1C72EDCF00AAC032 /* MobileTotoroSDK */,
			);
		};
/* End PBXProject section */

/* Begin PBXSourcesBuildPhase section */
		29AF74AB1C72EDCF00AAC032 /* Sources */ = {
			isa = PBXSourcesBuildPhase;
			buildActionMask = 2147483647;
			files = (
				29AF74D41C72F3A400AAC032 /* MTChartDrawView.m in Sources */,
				29AF74D31C72F3A400AAC032 /* MTPerformanceModel.m in Sources */,
				29AF74D91C72F3A400AAC032 /* MTSummaryView.m in Sources */,
				29AF74D71C72F3A400AAC032 /* MTLogoView.m in Sources */,
				29AF74D51C72F3A400AAC032 /* MTChartOverView.m in Sources */,
				29AF74D11C72F3A400AAC032 /* MTTableViewController.m in Sources */,
				29AF74D81C72F3A400AAC032 /* MTSummaryTableViewCell.m in Sources */,
				29AF74D21C72F3A400AAC032 /* MTPerformanceManager.m in Sources */,
				29AF74D61C72F3A400AAC032 /* MTChartTableViewCell.m in Sources */,
			);
			runOnlyForDeploymentPostprocessing = 0;
		};
/* End PBXSourcesBuildPhase section */

/* Begin XCBuildConfiguration section */
		29AF74B61C72EDCF00AAC032 /* Debug */ = {
			isa = XCBuildConfiguration;
			buildSettings = {
				ALWAYS_SEARCH_USER_PATHS = NO;
				CLANG_CXX_LANGUAGE_STANDARD = "gnu++0x";
				CLANG_CXX_LIBRARY = "libc++";
				CLANG_ENABLE_MODULES = YES;
				CLANG_ENABLE_OBJC_ARC = YES;
				CLANG_WARN_BOOL_CONVERSION = YES;
				CLANG_WARN_CONSTANT_CONVERSION = YES;
				CLANG_WARN_DIRECT_OBJC_ISA_USAGE = YES_ERROR;
				CLANG_WARN_EMPTY_BODY = YES;
				CLANG_WARN_ENUM_CONVERSION = YES;
				CLANG_WARN_INT_CONVERSION = YES;
				CLANG_WARN_OBJC_ROOT_CLASS = YES_ERROR;
				CLANG_WARN_UNREACHABLE_CODE = YES;
				CLANG_WARN__DUPLICATE_METHOD_MATCH = YES;
				"CODE_SIGN_IDENTITY[sdk=iphoneos*]" = "iPhone Developer";
				COPY_PHASE_STRIP = NO;
				DEBUG_INFORMATION_FORMAT = dwarf;
				ENABLE_STRICT_OBJC_MSGSEND = YES;
				ENABLE_TESTABILITY = YES;
				GCC_C_LANGUAGE_STANDARD = gnu99;
				GCC_DYNAMIC_NO_PIC = NO;
				GCC_NO_COMMON_BLOCKS = YES;
				GCC_OPTIMIZATION_LEVEL = 0;
				GCC_PREPROCESSOR_DEFINITIONS = (
					"DEBUG=1",
					"$(inherited)",
				);
				GCC_WARN_64_TO_32_BIT_CONVERSION = YES;
				GCC_WARN_ABOUT_RETURN_TYPE = YES_ERROR;
				GCC_WARN_UNDECLARED_SELECTOR = YES;
				GCC_WARN_UNINITIALIZED_AUTOS = YES_AGGRESSIVE;
				GCC_WARN_UNUSED_FUNCTION = YES;
				GCC_WARN_UNUSED_VARIABLE = YES;
				IPHONEOS_DEPLOYMENT_TARGET = 9.2;
				MTL_ENABLE_DEBUG_INFO = YES;
				ONLY_ACTIVE_ARCH = YES;
				SDKROOT = iphoneos;
			};
			name = Debug;
		};
		29AF74B71C72EDCF00AAC032 /* Release */ = {
			isa = XCBuildConfiguration;
			buildSettings = {
				ALWAYS_SEARCH_USER_PATHS = NO;
				CLANG_CXX_LANGUAGE_STANDARD = "gnu++0x";
				CLANG_CXX_LIBRARY = "libc++";
				CLANG_ENABLE_MODULES = YES;
				CLANG_ENABLE_OBJC_ARC = YES;
				CLANG_WARN_BOOL_CONVERSION = YES;
				CLANG_WARN_CONSTANT_CONVERSION = YES;
				CLANG_WARN_DIRECT_OBJC_ISA_USAGE = YES_ERROR;
				CLANG_WARN_EMPTY_BODY = YES;
				CLANG_WARN_ENUM_CONVERSION = YES;
				CLANG_WARN_INT_CONVERSION = YES;
				CLANG_WARN_OBJC_ROOT_CLASS = YES_ERROR;
				CLANG_WARN_UNREACHABLE_CODE = YES;
				CLANG_WARN__DUPLICATE_METHOD_MATCH = YES;
				"CODE_SIGN_IDENTITY[sdk=iphoneos*]" = "iPhone Developer";
				COPY_PHASE_STRIP = NO;
				DEBUG_INFORMATION_FORMAT = "dwarf-with-dsym";
				ENABLE_NS_ASSERTIONS = NO;
				ENABLE_STRICT_OBJC_MSGSEND = YES;
				GCC_C_LANGUAGE_STANDARD = gnu99;
				GCC_NO_COMMON_BLOCKS = YES;
				GCC_WARN_64_TO_32_BIT_CONVERSION = YES;
				GCC_WARN_ABOUT_RETURN_TYPE = YES_ERROR;
				GCC_WARN_UNDECLARED_SELECTOR = YES;
				GCC_WARN_UNINITIALIZED_AUTOS = YES_AGGRESSIVE;
				GCC_WARN_UNUSED_FUNCTION = YES;
				GCC_WARN_UNUSED_VARIABLE = YES;
				IPHONEOS_DEPLOYMENT_TARGET = 9.2;
				MTL_ENABLE_DEBUG_INFO = NO;
				SDKROOT = iphoneos;
				VALIDATE_PRODUCT = YES;
			};
			name = Release;
		};
		29AF74B91C72EDCF00AAC032 /* Debug */ = {
			isa = XCBuildConfiguration;
			buildSettings = {
				OTHER_LDFLAGS = "-ObjC";
				PRODUCT_NAME = "$(TARGET_NAME)";
				SKIP_INSTALL = YES;
			};
			name = Debug;
		};
		29AF74BA1C72EDCF00AAC032 /* Release */ = {
			isa = XCBuildConfiguration;
			buildSettings = {
				OTHER_LDFLAGS = "-ObjC";
				PRODUCT_NAME = "$(TARGET_NAME)";
				SKIP_INSTALL = YES;
			};
			name = Release;
		};
/* End XCBuildConfiguration section */

/* Begin XCConfigurationList section */
		29AF74AA1C72EDCF00AAC032 /* Build configuration list for PBXProject "MobileTotoroSDK" */ = {
			isa = XCConfigurationList;
			buildConfigurations = (
				29AF74B61C72EDCF00AAC032 /* Debug */,
				29AF74B71C72EDCF00AAC032 /* Release */,
			);
			defaultConfigurationIsVisible = 0;
			defaultConfigurationName = Release;
		};
		29AF74B81C72EDCF00AAC032 /* Build configuration list for PBXNativeTarget "MobileTotoroSDK" */ = {
			isa = XCConfigurationList;
			buildConfigurations = (
				29AF74B91C72EDCF00AAC032 /* Debug */,
				29AF74BA1C72EDCF00AAC032 /* Release */,
			);
			defaultConfigurationIsVisible = 0;
			defaultConfigurationName = Release;
		};
/* End XCConfigurationList section */
	};
	rootObject = 29AF74A71C72EDCF00AAC032 /* Project object */;
}
